
Microsoft Visual Studio Solution File, Format Version 12.00
# Visual Studio Version 16
VisualStudioVersion = 16.0.31702.278
MinimumVisualStudioVersion = 10.0.40219.1
Project("{FAE04EC0-301F-11D3-BF4B-00C04F79EFBC}") = "OverView_WebServer", "OverView_WebServer\OverView_WebServer.csproj", "{7AB2CECB-A54B-4D89-88AD-0B2BDD5BF229}"
EndProject
Global
	GlobalSection(SolutionConfigurationPlatforms) = preSolution
		Debug|Any CPU = Debug|Any CPU
		Release|Any CPU = Release|Any CPU
	EndGlobalSection
	GlobalSection(ProjectConfigurationPlatforms) = postSolution
		{7AB2CECB-A54B-4D89-88AD-0B2BDD5BF229}.Debug|Any CPU.ActiveCfg = Debug|Any CPU
		{7AB2CECB-A54B-4D89-88AD-0B2BDD5BF229}.Debug|Any CPU.Build.0 = Debug|Any CPU
		{7AB2CECB-A54B-4D89-88AD-0B2BDD5BF229}.Release|Any CPU.ActiveCfg = Release|Any CPU
		{7AB2CECB-A54B-4D89-88AD-0B2BDD5BF229}.Release|Any CPU.Build.0 = Release|Any CPU
	EndGlobalSection
	GlobalSection(SolutionProperties) = preSolution
		HideSolutionNode = FALSE
	EndGlobalSection
	GlobalSection(ExtensibilityGlobals) = postSolution
		SolutionGuid = {C45E9E0B-9565-4E21-B5A0-559780B99EFF}
	EndGlobalSection
EndGlobal
